lockfileVersion: '9.0'

settings:
  autoInstallPeers: true
  excludeLinksFromLockfile: false

importers:

  .:
    dependencies:
      freestyle-auth:
        specifier: ^0.1.0
        version: 0.1.0(freestyle-sh@0.2.28)
      freestyle-sh:
        specifier: ^0.2.28
        version: 0.2.28

packages:

  '@deno/shim-deno-test@0.5.0':
    resolution: {integrity: sha512-4nMhecpGlPi0cSzT67L+Tm+GOJqvuk8gqHBziqcUQOarnuIax1z96/gJHCSIz2Z0zhxE6Rzwb3IZXPtFh51j+w==}

  '@deno/shim-deno@0.19.2':
    resolution: {integrity: sha512-q3VTHl44ad8T2Tw2SpeAvghdGOjlnLPDNO2cpOxwMrBE/PVas6geWpbpIgrM+czOCH0yejp0yi8OaTuB+NU40Q==}

  '@esbuild/aix-ppc64@0.23.0':
    resolution: {integrity: sha512-3sG8Zwa5fMcA9bgqB8AfWPQ+HFke6uD3h1s3RIwUNK8EG7a4buxvuFTs3j1IMs2NXAk9F30C/FF4vxRgQCcmoQ==}
    engines: {node: '>=18'}
    cpu: [ppc64]
    os: [aix]

  '@esbuild/android-arm64@0.23.0':
    resolution: {integrity: sha512-EuHFUYkAVfU4qBdyivULuu03FhJO4IJN9PGuABGrFy4vUuzk91P2d+npxHcFdpUnfYKy0PuV+n6bKIpHOB3prQ==}
    engines: {node: '>=18'}
    cpu: [arm64]
    os: [android]

  '@esbuild/android-arm@0.23.0':
    resolution: {integrity: sha512-+KuOHTKKyIKgEEqKbGTK8W7mPp+hKinbMBeEnNzjJGyFcWsfrXjSTNluJHCY1RqhxFurdD8uNXQDei7qDlR6+g==}
    engines: {node: '>=18'}
    cpu: [arm]
    os: [android]

  '@esbuild/android-x64@0.23.0':
    resolution: {integrity: sha512-WRrmKidLoKDl56LsbBMhzTTBxrsVwTKdNbKDalbEZr0tcsBgCLbEtoNthOW6PX942YiYq8HzEnb4yWQMLQuipQ==}
    engines: {node: '>=18'}
    cpu: [x64]
    os: [android]

  '@esbuild/darwin-arm64@0.23.0':
    resolution: {integrity: sha512-YLntie/IdS31H54Ogdn+v50NuoWF5BDkEUFpiOChVa9UnKpftgwzZRrI4J132ETIi+D8n6xh9IviFV3eXdxfow==}
    engines: {node: '>=18'}
    cpu: [arm64]
    os: [darwin]

  '@esbuild/darwin-x64@0.23.0':
    resolution: {integrity: sha512-IMQ6eme4AfznElesHUPDZ+teuGwoRmVuuixu7sv92ZkdQcPbsNHzutd+rAfaBKo8YK3IrBEi9SLLKWJdEvJniQ==}
    engines: {node: '>=18'}
    cpu: [x64]
    os: [darwin]

  '@esbuild/freebsd-arm64@0.23.0':
    resolution: {integrity: sha512-0muYWCng5vqaxobq6LB3YNtevDFSAZGlgtLoAc81PjUfiFz36n4KMpwhtAd4he8ToSI3TGyuhyx5xmiWNYZFyw==}
    engines: {node: '>=18'}
    cpu: [arm64]
    os: [freebsd]

  '@esbuild/freebsd-x64@0.23.0':
    resolution: {integrity: sha512-XKDVu8IsD0/q3foBzsXGt/KjD/yTKBCIwOHE1XwiXmrRwrX6Hbnd5Eqn/WvDekddK21tfszBSrE/WMaZh+1buQ==}
    engines: {node: '>=18'}
    cpu: [x64]
    os: [freebsd]

  '@esbuild/linux-arm64@0.23.0':
    resolution: {integrity: sha512-j1t5iG8jE7BhonbsEg5d9qOYcVZv/Rv6tghaXM/Ug9xahM0nX/H2gfu6X6z11QRTMT6+aywOMA8TDkhPo8aCGw==}
    engines: {node: '>=18'}
    cpu: [arm64]
    os: [linux]

  '@esbuild/linux-arm@0.23.0':
    resolution: {integrity: sha512-SEELSTEtOFu5LPykzA395Mc+54RMg1EUgXP+iw2SJ72+ooMwVsgfuwXo5Fn0wXNgWZsTVHwY2cg4Vi/bOD88qw==}
    engines: {node: '>=18'}
    cpu: [arm]
    os: [linux]

  '@esbuild/linux-ia32@0.23.0':
    resolution: {integrity: sha512-P7O5Tkh2NbgIm2R6x1zGJJsnacDzTFcRWZyTTMgFdVit6E98LTxO+v8LCCLWRvPrjdzXHx9FEOA8oAZPyApWUA==}
    engines: {node: '>=18'}
    cpu: [ia32]
    os: [linux]

  '@esbuild/linux-loong64@0.23.0':
    resolution: {integrity: sha512-InQwepswq6urikQiIC/kkx412fqUZudBO4SYKu0N+tGhXRWUqAx+Q+341tFV6QdBifpjYgUndV1hhMq3WeJi7A==}
    engines: {node: '>=18'}
    cpu: [loong64]
    os: [linux]

  '@esbuild/linux-mips64el@0.23.0':
    resolution: {integrity: sha512-J9rflLtqdYrxHv2FqXE2i1ELgNjT+JFURt/uDMoPQLcjWQA5wDKgQA4t/dTqGa88ZVECKaD0TctwsUfHbVoi4w==}
    engines: {node: '>=18'}
    cpu: [mips64el]
    os: [linux]

  '@esbuild/linux-ppc64@0.23.0':
    resolution: {integrity: sha512-cShCXtEOVc5GxU0fM+dsFD10qZ5UpcQ8AM22bYj0u/yaAykWnqXJDpd77ublcX6vdDsWLuweeuSNZk4yUxZwtw==}
    engines: {node: '>=18'}
    cpu: [ppc64]
    os: [linux]

  '@esbuild/linux-riscv64@0.23.0':
    resolution: {integrity: sha512-HEtaN7Y5UB4tZPeQmgz/UhzoEyYftbMXrBCUjINGjh3uil+rB/QzzpMshz3cNUxqXN7Vr93zzVtpIDL99t9aRw==}
    engines: {node: '>=18'}
    cpu: [riscv64]
    os: [linux]

  '@esbuild/linux-s390x@0.23.0':
    resolution: {integrity: sha512-WDi3+NVAuyjg/Wxi+o5KPqRbZY0QhI9TjrEEm+8dmpY9Xir8+HE/HNx2JoLckhKbFopW0RdO2D72w8trZOV+Wg==}
    engines: {node: '>=18'}
    cpu: [s390x]
    os: [linux]

  '@esbuild/linux-x64@0.23.0':
    resolution: {integrity: sha512-a3pMQhUEJkITgAw6e0bWA+F+vFtCciMjW/LPtoj99MhVt+Mfb6bbL9hu2wmTZgNd994qTAEw+U/r6k3qHWWaOQ==}
    engines: {node: '>=18'}
    cpu: [x64]
    os: [linux]

  '@esbuild/netbsd-x64@0.23.0':
    resolution: {integrity: sha512-cRK+YDem7lFTs2Q5nEv/HHc4LnrfBCbH5+JHu6wm2eP+d8OZNoSMYgPZJq78vqQ9g+9+nMuIsAO7skzphRXHyw==}
    engines: {node: '>=18'}
    cpu: [x64]
    os: [netbsd]

  '@esbuild/openbsd-arm64@0.23.0':
    resolution: {integrity: sha512-suXjq53gERueVWu0OKxzWqk7NxiUWSUlrxoZK7usiF50C6ipColGR5qie2496iKGYNLhDZkPxBI3erbnYkU0rQ==}
    engines: {node: '>=18'}
    cpu: [arm64]
    os: [openbsd]

  '@esbuild/openbsd-x64@0.23.0':
    resolution: {integrity: sha512-6p3nHpby0DM/v15IFKMjAaayFhqnXV52aEmv1whZHX56pdkK+MEaLoQWj+H42ssFarP1PcomVhbsR4pkz09qBg==}
    engines: {node: '>=18'}
    cpu: [x64]
    os: [openbsd]

  '@esbuild/sunos-x64@0.23.0':
    resolution: {integrity: sha512-BFelBGfrBwk6LVrmFzCq1u1dZbG4zy/Kp93w2+y83Q5UGYF1d8sCzeLI9NXjKyujjBBniQa8R8PzLFAUrSM9OA==}
    engines: {node: '>=18'}
    cpu: [x64]
    os: [sunos]

  '@esbuild/win32-arm64@0.23.0':
    resolution: {integrity: sha512-lY6AC8p4Cnb7xYHuIxQ6iYPe6MfO2CC43XXKo9nBXDb35krYt7KGhQnOkRGar5psxYkircpCqfbNDB4uJbS2jQ==}
    engines: {node: '>=18'}
    cpu: [arm64]
    os: [win32]

  '@esbuild/win32-ia32@0.23.0':
    resolution: {integrity: sha512-7L1bHlOTcO4ByvI7OXVI5pNN6HSu6pUQq9yodga8izeuB1KcT2UkHaH6118QJwopExPn0rMHIseCTx1CRo/uNA==}
    engines: {node: '>=18'}
    cpu: [ia32]
    os: [win32]

  '@esbuild/win32-x64@0.23.0':
    resolution: {integrity: sha512-Arm+WgUFLUATuoxCJcahGuk6Yj9Pzxd6l11Zb/2aAuv5kWWvvfhLFo2fni4uSK5vzlUdCGZ/BdV5tH8klj8p8g==}
    engines: {node: '>=18'}
    cpu: [x64]
    os: [win32]

  '@hexagon/base64@1.1.28':
    resolution: {integrity: sha512-lhqDEAvWixy3bZ+UOYbPwUbBkwBq5C1LAJ/xPC8Oi+lL54oyakv/npbA0aU2hgCsx/1NUd4IBvV03+aUBWxerw==}

  '@levischuck/tiny-cbor@0.2.2':
    resolution: {integrity: sha512-f5CnPw997Y2GQ8FAvtuVVC19FX8mwNNC+1XJcIi16n/LTJifKO6QBgGLgN3YEmqtGMk17SKSuoWES3imJVxAVw==}

  '@peculiar/asn1-android@2.3.10':
    resolution: {integrity: sha512-z9Rx9cFJv7UUablZISe7uksNbFJCq13hO0yEAOoIpAymALTLlvUOSLnGiQS7okPaM5dP42oTLhezH6XDXRXjGw==}

  '@peculiar/asn1-ecc@2.3.8':
    resolution: {integrity: sha512-Ah/Q15y3A/CtxbPibiLM/LKcMbnLTdUdLHUgdpB5f60sSvGkXzxJCu5ezGTFHogZXWNX3KSmYqilCrfdmBc6pQ==}

  '@peculiar/asn1-rsa@2.3.8':
    resolution: {integrity: sha512-ES/RVEHu8VMYXgrg3gjb1m/XG0KJWnV4qyZZ7mAg7rrF3VTmRbLxO8mk+uy0Hme7geSMebp+Wvi2U6RLLEs12Q==}

  '@peculiar/asn1-schema@2.3.8':
    resolution: {integrity: sha512-ULB1XqHKx1WBU/tTFIA+uARuRoBVZ4pNdOA878RDrRbBfBGcSzi5HBkdScC6ZbHn8z7L8gmKCgPC1LHRrP46tA==}

  '@peculiar/asn1-x509@2.3.8':
    resolution: {integrity: sha512-voKxGfDU1c6r9mKiN5ZUsZWh3Dy1BABvTM3cimf0tztNwyMJPhiXY94eRTgsMQe6ViLfT6EoXxkWVzcm3mFAFw==}

  '@simplewebauthn/browser@10.0.0':
    resolution: {integrity: sha512-hG0JMZD+LiLUbpQcAjS4d+t4gbprE/dLYop/CkE01ugU/9sKXflxV5s0DRjdz3uNMFecatRfb4ZLG3XvF8m5zg==}

  '@simplewebauthn/server@10.0.0':
    resolution: {integrity: sha512-w5eIoiF7ltg1sgggjY5Tx654j+DBuyEx2B3869jjmPp0xl2Z4BUP4kJ3yJ6DnZIv+ZYYntT3E6nZXNjPOQbrtw==}
    engines: {node: '>=20.0.0'}

  '@simplewebauthn/types@10.0.0':
    resolution: {integrity: sha512-SFXke7xkgPRowY2E+8djKbdEznTVnD5R6GO7GPTthpHrokLvNKw8C3lFZypTxLI7KkCfGPfhtqB3d7OVGGa9jQ==}

  asn1js@3.0.5:
    resolution: {integrity: sha512-FVnvrKJwpt9LP2lAMl8qZswRNm3T4q9CON+bxldk2iwk3FFpuwhx2FfinyitizWHsVYyaY+y5JzDR0rCMV5yTQ==}
    engines: {node: '>=12.0.0'}

  bundle-name@4.1.0:
    resolution: {integrity: sha512-tjwM5exMg6BGRI+kNmTntNsvdZS1X8BFYS6tnJ2hdH0kVxM6/eVZ2xy+FqStSWvYmtfFMDLIxurorHwDKfDz5Q==}
    engines: {node: '>=18'}

  cookie@0.6.0:
    resolution: {integrity: sha512-U71cyTamuh1CRNCfpGY6to28lxvNwPG4Guz/EVjgf3Jmzv0vlDp1atT9eS5dDjMYHucpHbWns6Lwf3BKz6svdw==}
    engines: {node: '>= 0.6'}

  cross-fetch@4.0.0:
    resolution: {integrity: sha512-e4a5N8lVvuLgAWgnCrLr2PP0YyDOTHa9H/Rj54dirp61qXnNq46m82bRhNqIA5VccJtWBvPTFRV3TtvHUKPB1g==}

  default-browser-id@5.0.0:
    resolution: {integrity: sha512-A6p/pu/6fyBcA1TRz/GqWYPViplrftcW2gZC9q79ngNCKAeR/X3gcEdXQHl4KNXV+3wgIJ1CPkJQ3IHM6lcsyA==}
    engines: {node: '>=18'}

  default-browser@5.2.1:
    resolution: {integrity: sha512-WY/3TUME0x3KPYdRRxEJJvXRHV4PyPoUsxtZa78lwItwRQRHhd2U9xOscaT/YTf8uCXIAjeJOFBVEh/7FtD8Xg==}
    engines: {node: '>=18'}

  define-lazy-prop@3.0.0:
    resolution: {integrity: sha512-N+MeXYoqr3pOgn8xfyRPREN7gHakLYjhsHhWGT3fWAiL4IkAt0iDw14QiiEm2bE30c5XX5q0FtAA3CK5f9/BUg==}
    engines: {node: '>=12'}

  esbuild@0.23.0:
    resolution: {integrity: sha512-1lvV17H2bMYda/WaFb2jLPeHU3zml2k4/yagNMG8Q/YtfMjCwEUZa2eXXMgZTVSL5q1n4H7sQ0X6CdJDqqeCFA==}
    engines: {node: '>=18'}
    hasBin: true

  eventemitter3@4.0.7:
    resolution: {integrity: sha512-8guHBZCwKnFhYdHr2ysuRWErTwhoN2X8XELRlrRwpmfeY2jjuUN4taQMsULKUVo1K4DvZl+0pgfyoysHxvmvEw==}

  follow-redirects@1.15.6:
    resolution: {integrity: sha512-wWN62YITEaOpSK584EZXJafH1AGpO8RVgElfkuXbTOrPX4fIfOyEpW/CsiNd8JdYrAoOvafRTOEnvsO++qCqFA==}
    engines: {node: '>=4.0'}
    peerDependencies:
      debug: '*'
    peerDependenciesMeta:
      debug:
        optional: true

  freestyle-auth@0.1.0:
    resolution: {integrity: sha512-RsnqJtlthL1Rp24QxKb1LuE1k478XLLi2own5zTmxcKPmqCqj2Cp7HC0GuL2MpBE3iKsENwnVZlZ7lDsOqyp8A==}
    peerDependencies:
      freestyle-sh: '*'

  freestyle-sh@0.2.28:
    resolution: {integrity: sha512-GxWUtk7g9kN/MNrrddg1F75M1zY3Tcul+Y6fscB4EKacg++fDxZKg1srYDz+HY96XVYm2D/kBUK4iKfvwjRgqQ==}
    hasBin: true
    peerDependencies:
      '@nanostores/query': '*'
      '@nanostores/react': '*'
      nanostores: '*'
      react: '*'
    peerDependenciesMeta:
      '@nanostores/query':
        optional: true
      '@nanostores/react':
        optional: true
      nanostores:
        optional: true
      react:
        optional: true

  http-proxy@1.18.1:
    resolution: {integrity: sha512-7mz/721AbnJwIVbnaSv1Cz3Am0ZLT/UBwkC92VlxhXv/k/BBQfM2fXElQNC27BVGr0uwUpplYPQM9LnaBMR5NQ==}
    engines: {node: '>=8.0.0'}

  ipaddr.js@2.2.0:
    resolution: {integrity: sha512-Ag3wB2o37wslZS19hZqorUnrnzSkpOVy+IiiDEiTqNubEYpYuHWIf6K4psgN2ZWKExS4xhVCrRVfb/wfW8fWJA==}
    engines: {node: '>= 10'}

  is-docker@3.0.0:
    resolution: {integrity: sha512-eljcgEDlEns/7AXFosB5K/2nCM4P7FQPkGc/DWLy5rmFEWvZayGrik1d9/QIY5nJ4f9YsVvBkA6kJpHn9rISdQ==}
    engines: {node: ^12.20.0 || ^14.13.1 || >=16.0.0}
    hasBin: true

  is-inside-container@1.0.0:
    resolution: {integrity: sha512-KIYLCCJghfHZxqjYBE7rEy0OBuTd5xCHS7tHVgvCLkx7StIoaxwNW3hCALgEUjFfeRk+MG/Qxmp/vtETEF3tRA==}
    engines: {node: '>=14.16'}
    hasBin: true

  is-wsl@3.1.0:
    resolution: {integrity: sha512-UcVfVfaK4Sc4m7X3dUSoHoozQGBEFeDC+zVo06t98xe8CzHSZZBekNXH+tu0NalHolcJ/QAGqS46Hef7QXBIMw==}
    engines: {node: '>=16'}

  isexe@3.1.1:
    resolution: {integrity: sha512-LpB/54B+/2J5hqQ7imZHfdU31OlgQqx7ZicVlkm9kzg9/w8GKLEcFfJl/t7DCEDueOyBAD6zCCwTO6Fzs0NoEQ==}
    engines: {node: '>=16'}

  itty-router@5.0.17:
    resolution: {integrity: sha512-ZHnPI0OOyTTLuNp2FdciejYaK4Wl3ZV3O0yEm8njOGggh/k/ek3BL7X2I5YsCOfc5vLhIJgj3Z4pUtLs6k9Ucg==}

  node-fetch@2.7.0:
    resolution: {integrity: sha512-c4FRfUm/dbcWZ7U+1Wq0AwCyFL+3nt2bEw05wfxSz+DWpWsitgmSgYmy2dQdWyKC1694ELPqMs/YzUSNozLt8A==}
    engines: {node: 4.x || >=6.0.0}
    peerDependencies:
      encoding: ^0.1.0
    peerDependenciesMeta:
      encoding:
        optional: true

  open@10.1.0:
    resolution: {integrity: sha512-mnkeQ1qP5Ue2wd+aivTD3NHd/lZ96Lu0jgf0pwktLPtx6cTZiH7tyeGRRHs0zX0rbrahXPnXlUnbeXyaBBuIaw==}
    engines: {node: '>=18'}

  openapi-fetch@0.10.2:
    resolution: {integrity: sha512-GCzgKIZchnxZRnztiOlRTKk9tQT0NHvs5MNXYFtOwG7xaj1iCJOGDsTLbn/2QUP37PjGTT890qERFjvmjxzQMg==}

  openapi-typescript-helpers@0.0.9:
    resolution: {integrity: sha512-BO2TvIDAO/FPVKz1Nj2gy+pUOHfaoENdK5UP3H0Jbh0VXBf3dwYMs58ZwOjiezrbHA2LamdquoyQgahTPvIxGA==}

  preact-render-to-string@6.5.5:
    resolution: {integrity: sha512-KiMFTKNTmT/ccE79BURR/r6XRc2I2TCTZ0MpeWqHW2XnllbeghXvwGsdAfF/MzMilUcTfODtSmMxgoRFL9TM5g==}
    peerDependencies:
      preact: '>=10'

  preact@10.22.1:
    resolution: {integrity: sha512-jRYbDDgMpIb5LHq3hkI0bbl+l/TQ9UnkdQ0ww+lp+4MMOdqaUYdFc5qeyP+IV8FAd/2Em7drVPeKdQxsiWCf/A==}

  pvtsutils@1.3.5:
    resolution: {integrity: sha512-ARvb14YB9Nm2Xi6nBq1ZX6dAM0FsJnuk+31aUp4TrcZEdKUlSqOqsxJHUPJDNE3qiIp+iUPEIeR6Je/tgV7zsA==}

  pvutils@1.1.3:
    resolution: {integrity: sha512-pMpnA0qRdFp32b1sJl1wOJNxZLQ2cbQx+k6tjNtZ8CpvVhNqEPRgivZ2WOUev2YMajecdH7ctUPDvEe87nariQ==}
    engines: {node: '>=6.0.0'}

  requires-port@1.0.0:
    resolution: {integrity: sha512-KigOCHcocU3XODJxsu8i/j8T9tzT4adHiecwORRQ0ZZFcp7ahwXuRU1m+yuO90C5ZUyGeGfocHDI14M3L3yDAQ==}

  run-applescript@7.0.0:
    resolution: {integrity: sha512-9by4Ij99JUr/MCFBUkDKLWK3G9HVXmabKz9U5MlIAIuvuzkiOicRYs8XJLxX+xahD+mLiiCYDqF9dKAgtzKP1A==}
    engines: {node: '>=18'}

  tr46@0.0.3:
    resolution: {integrity: sha512-N3WMsuqV66lT30CrXNbEjx4GEwlow3v6rr4mCcv6prnfwhS01rkgyFdjPNBYd9br7LpXV1+Emh01fHnq2Gdgrw==}

  ts-dotenv@0.9.1:
    resolution: {integrity: sha512-oTTXmjSMkCIK8d+uKbQnHh7JS9zEYGn3pq7nE0qHVERq+6Mx9wZKcXVAT+7X0qhOWpRz10dqrJCFFcKwunYz5w==}

  tslib@2.6.3:
    resolution: {integrity: sha512-xNvxJEOUiWPGhUuUdQgAJPKOOJfGnIyKySOc09XkKsgdUV/3E2zvwZYdejjmRgPCgcym1juLH3226yA7sEFJKQ==}

  typescript@5.5.3:
    resolution: {integrity: sha512-/hreyEujaB0w76zKo6717l3L0o/qEUtRgdvUBvlkhoWeOVMjMuHNHk0BRBzikzuGDqNmPQbg5ifMEqsHLiIUcQ==}
    engines: {node: '>=14.17'}
    hasBin: true

  webidl-conversions@3.0.1:
    resolution: {integrity: sha512-2JAn3z8AR6rjK8Sm8orRC0h/bcl/DqL7tRPdGZ4I1CjdF+EaMLmYxBHyXuKL849eucPFhvBoxMsflfOb8kxaeQ==}

  whatwg-url@5.0.0:
    resolution: {integrity: sha512-saE57nupxk6v3HY35+jzBwYa0rKSy0XR8JSxZPwgLr7ys0IBzhGviA1/TUGJLmSVqs8pb9AnvICXEuOHLprYTw==}

  which@4.0.0:
    resolution: {integrity: sha512-GlaYyEb07DPxYCKhKzplCWBJtvxZcZMrL+4UkrTSJHHPyZU4mYYTv3qaOe77H7EODLSSopAUFAc6W8U4yqvscg==}
    engines: {node: ^16.13.0 || >=18.0.0}
    hasBin: true

  ws@8.18.0:
    resolution: {integrity: sha512-8VbfWfHLbbwu3+N6OKsOMpBdT4kXPDDB9cJk2bJ6mh9ucxdlnNvH1e+roYkKmN9Nxw2yjz7VzeO9oOz2zJ04Pw==}
    engines: {node: '>=10.0.0'}
    peerDependencies:
      bufferutil: ^4.0.1
      utf-8-validate: '>=5.0.2'
    peerDependenciesMeta:
      bufferutil:
        optional: true
      utf-8-validate:
        optional: true

snapshots:

  '@deno/shim-deno-test@0.5.0': {}

  '@deno/shim-deno@0.19.2':
    dependencies:
      '@deno/shim-deno-test': 0.5.0
      which: 4.0.0

  '@esbuild/aix-ppc64@0.23.0':
    optional: true

  '@esbuild/android-arm64@0.23.0':
    optional: true

  '@esbuild/android-arm@0.23.0':
    optional: true

  '@esbuild/android-x64@0.23.0':
    optional: true

  '@esbuild/darwin-arm64@0.23.0':
    optional: true

  '@esbuild/darwin-x64@0.23.0':
    optional: true

  '@esbuild/freebsd-arm64@0.23.0':
    optional: true

  '@esbuild/freebsd-x64@0.23.0':
    optional: true

  '@esbuild/linux-arm64@0.23.0':
    optional: true

  '@esbuild/linux-arm@0.23.0':
    optional: true

  '@esbuild/linux-ia32@0.23.0':
    optional: true

  '@esbuild/linux-loong64@0.23.0':
    optional: true

  '@esbuild/linux-mips64el@0.23.0':
    optional: true

  '@esbuild/linux-ppc64@0.23.0':
    optional: true

  '@esbuild/linux-riscv64@0.23.0':
    optional: true

  '@esbuild/linux-s390x@0.23.0':
    optional: true

  '@esbuild/linux-x64@0.23.0':
    optional: true

  '@esbuild/netbsd-x64@0.23.0':
    optional: true

  '@esbuild/openbsd-arm64@0.23.0':
    optional: true

  '@esbuild/openbsd-x64@0.23.0':
    optional: true

  '@esbuild/sunos-x64@0.23.0':
    optional: true

  '@esbuild/win32-arm64@0.23.0':
    optional: true

  '@esbuild/win32-ia32@0.23.0':
    optional: true

  '@esbuild/win32-x64@0.23.0':
    optional: true

  '@hexagon/base64@1.1.28': {}

  '@levischuck/tiny-cbor@0.2.2': {}

  '@peculiar/asn1-android@2.3.10':
    dependencies:
      '@peculiar/asn1-schema': 2.3.8
      asn1js: 3.0.5
      tslib: 2.6.3

  '@peculiar/asn1-ecc@2.3.8':
    dependencies:
      '@peculiar/asn1-schema': 2.3.8
      '@peculiar/asn1-x509': 2.3.8
      asn1js: 3.0.5
      tslib: 2.6.3

  '@peculiar/asn1-rsa@2.3.8':
    dependencies:
      '@peculiar/asn1-schema': 2.3.8
      '@peculiar/asn1-x509': 2.3.8
      asn1js: 3.0.5
      tslib: 2.6.3

  '@peculiar/asn1-schema@2.3.8':
    dependencies:
      asn1js: 3.0.5
      pvtsutils: 1.3.5
      tslib: 2.6.3

  '@peculiar/asn1-x509@2.3.8':
    dependencies:
      '@peculiar/asn1-schema': 2.3.8
      asn1js: 3.0.5
      ipaddr.js: 2.2.0
      pvtsutils: 1.3.5
      tslib: 2.6.3

  '@simplewebauthn/browser@10.0.0':
    dependencies:
      '@simplewebauthn/types': 10.0.0

  '@simplewebauthn/server@10.0.0':
    dependencies:
      '@hexagon/base64': 1.1.28
      '@levischuck/tiny-cbor': 0.2.2
      '@peculiar/asn1-android': 2.3.10
      '@peculiar/asn1-ecc': 2.3.8
      '@peculiar/asn1-rsa': 2.3.8
      '@peculiar/asn1-schema': 2.3.8
      '@peculiar/asn1-x509': 2.3.8
      '@simplewebauthn/types': 10.0.0
      cross-fetch: 4.0.0
    transitivePeerDependencies:
      - encoding

  '@simplewebauthn/types@10.0.0': {}

  asn1js@3.0.5:
    dependencies:
      pvtsutils: 1.3.5
      pvutils: 1.1.3
      tslib: 2.6.3

  bundle-name@4.1.0:
    dependencies:
      run-applescript: 7.0.0

  cookie@0.6.0: {}

  cross-fetch@4.0.0:
    dependencies:
      node-fetch: 2.7.0
    transitivePeerDependencies:
      - encoding

  default-browser-id@5.0.0: {}

  default-browser@5.2.1:
    dependencies:
      bundle-name: 4.1.0
      default-browser-id: 5.0.0

  define-lazy-prop@3.0.0: {}

  esbuild@0.23.0:
    optionalDependencies:
      '@esbuild/aix-ppc64': 0.23.0
      '@esbuild/android-arm': 0.23.0
      '@esbuild/android-arm64': 0.23.0
      '@esbuild/android-x64': 0.23.0
      '@esbuild/darwin-arm64': 0.23.0
      '@esbuild/darwin-x64': 0.23.0
      '@esbuild/freebsd-arm64': 0.23.0
      '@esbuild/freebsd-x64': 0.23.0
      '@esbuild/linux-arm': 0.23.0
      '@esbuild/linux-arm64': 0.23.0
      '@esbuild/linux-ia32': 0.23.0
      '@esbuild/linux-loong64': 0.23.0
      '@esbuild/linux-mips64el': 0.23.0
      '@esbuild/linux-ppc64': 0.23.0
      '@esbuild/linux-riscv64': 0.23.0
      '@esbuild/linux-s390x': 0.23.0
      '@esbuild/linux-x64': 0.23.0
      '@esbuild/netbsd-x64': 0.23.0
      '@esbuild/openbsd-arm64': 0.23.0
      '@esbuild/openbsd-x64': 0.23.0
      '@esbuild/sunos-x64': 0.23.0
      '@esbuild/win32-arm64': 0.23.0
      '@esbuild/win32-ia32': 0.23.0
      '@esbuild/win32-x64': 0.23.0

  eventemitter3@4.0.7: {}

  follow-redirects@1.15.6: {}

  freestyle-auth@0.1.0(freestyle-sh@0.2.28):
    dependencies:
      '@simplewebauthn/browser': 10.0.0
      '@simplewebauthn/server': 10.0.0
      '@simplewebauthn/types': 10.0.0
      freestyle-sh: 0.2.28
    transitivePeerDependencies:
      - encoding

  freestyle-sh@0.2.28:
    dependencies:
      '@deno/shim-deno': 0.19.2
      cookie: 0.6.0
      esbuild: 0.23.0
      http-proxy: 1.18.1
      itty-router: 5.0.17
      open: 10.1.0
      openapi-fetch: 0.10.2
      preact: 10.22.1
      preact-render-to-string: 6.5.5(preact@10.22.1)
      ts-dotenv: 0.9.1
      typescript: 5.5.3
      ws: 8.18.0
    transitivePeerDependencies:
      - bufferutil
      - debug
      - utf-8-validate

  http-proxy@1.18.1:
    dependencies:
      eventemitter3: 4.0.7
      follow-redirects: 1.15.6
      requires-port: 1.0.0
    transitivePeerDependencies:
      - debug

  ipaddr.js@2.2.0: {}

  is-docker@3.0.0: {}

  is-inside-container@1.0.0:
    dependencies:
      is-docker: 3.0.0

  is-wsl@3.1.0:
    dependencies:
      is-inside-container: 1.0.0

  isexe@3.1.1: {}

  itty-router@5.0.17: {}

  node-fetch@2.7.0:
    dependencies:
      whatwg-url: 5.0.0

  open@10.1.0:
    dependencies:
      default-browser: 5.2.1
      define-lazy-prop: 3.0.0
      is-inside-container: 1.0.0
      is-wsl: 3.1.0

  openapi-fetch@0.10.2:
    dependencies:
      openapi-typescript-helpers: 0.0.9

  openapi-typescript-helpers@0.0.9: {}

  preact-render-to-string@6.5.5(preact@10.22.1):
    dependencies:
      preact: 10.22.1

  preact@10.22.1: {}

  pvtsutils@1.3.5:
    dependencies:
      tslib: 2.6.3

  pvutils@1.1.3: {}

  requires-port@1.0.0: {}

  run-applescript@7.0.0: {}

  tr46@0.0.3: {}

  ts-dotenv@0.9.1: {}

  tslib@2.6.3: {}

  typescript@5.5.3: {}

  webidl-conversions@3.0.1: {}

  whatwg-url@5.0.0:
    dependencies:
      tr46: 0.0.3
      webidl-conversions: 3.0.1

  which@4.0.0:
    dependencies:
      isexe: 3.1.1

  ws@8.18.0: {}
